
Microsoft Visual Studio Solution File, Format Version 12.00
# Visual Studio Version 16
VisualStudioVersion = 16.0.31424.327
MinimumVisualStudioVersion = 10.0.40219.1
Project("{FAE04EC0-301F-11D3-BF4B-00C04F79EFBC}") = "WebServer1", "WebServer1.csproj", "{C8E34031-E918-4A14-95AD-54EF89EF0064}"
EndProject
Global
	GlobalSection(SolutionConfigurationPlatforms) = preSolution
		Debug|Any CPU = Debug|Any CPU
		Release|Any CPU = Release|Any CPU
	EndGlobalSection
	GlobalSection(ProjectConfigurationPlatforms) = postSolution
		{C8E34031-E918-4A14-95AD-54EF89EF0064}.Debug|Any CPU.ActiveCfg = Debug|Any CPU
		{C8E34031-E918-4A14-95AD-54EF89EF0064}.Debug|Any CPU.Build.0 = Debug|Any CPU
		{C8E34031-E918-4A14-95AD-54EF89EF0064}.Release|Any CPU.ActiveCfg = Release|Any CPU
		{C8E34031-E918-4A14-95AD-54EF89EF0064}.Release|Any CPU.Build.0 = Release|Any CPU
	EndGlobalSection
	GlobalSection(SolutionProperties) = preSolution
		HideSolutionNode = FALSE
	EndGlobalSection
	GlobalSection(ExtensibilityGlobals) = postSolution
		SolutionGuid = {D3885850-CAE0-46B1-A5B3-F9ADF87588A3}
	EndGlobalSection
EndGlobal
